
Microsoft Visual Studio Solution File, Format Version 12.00
# Visual Studio Version 16
VisualStudioVersion = 16.0.29306.81
MinimumVisualStudioVersion = 10.0.40219.1
Project("{FAE04EC0-301F-11D3-BF4B-00C04F79EFBC}") = "LearnWPF", "LearnWPF.csproj", "{CCCB50A1-1127-4AC4-BE2F-26DCB1B671A8}"
EndProject
Project("{FAE04EC0-301F-11D3-BF4B-00C04F79EFBC}") = "DataAccessLayer", "..\DataAccessLayer\DataAccessLayer.csproj", "{D627627A-D9E3-4C9C-BA1C-8C7AA396D9C7}"
EndProject
Project("{FAE04EC0-301F-11D3-BF4B-00C04F79EFBC}") = "REST_API", "..\REST_API\REST_API.csproj", "{A2EA3A3C-0013-4EFB-9AD3-C1801244AC45}"
EndProject
Global
	GlobalSection(SolutionConfigurationPlatforms) = preSolution
		Debug|Any CPU = Debug|Any CPU
		Release|Any CPU = Release|Any CPU
	EndGlobalSection
	GlobalSection(ProjectConfigurationPlatforms) = postSolution
		{CCCB50A1-1127-4AC4-BE2F-26DCB1B671A8}.Debug|Any CPU.ActiveCfg = Debug|Any CPU
		{CCCB50A1-1127-4AC4-BE2F-26DCB1B671A8}.Debug|Any CPU.Build.0 = Debug|Any CPU
		{CCCB50A1-1127-4AC4-BE2F-26DCB1B671A8}.Release|Any CPU.ActiveCfg = Release|Any CPU
		{CCCB50A1-1127-4AC4-BE2F-26DCB1B671A8}.Release|Any CPU.Build.0 = Release|Any CPU
		{D627627A-D9E3-4C9C-BA1C-8C7AA396D9C7}.Debug|Any CPU.ActiveCfg = Debug|Any CPU
		{D627627A-D9E3-4C9C-BA1C-8C7AA396D9C7}.Debug|Any CPU.Build.0 = Debug|Any CPU
		{D627627A-D9E3-4C9C-BA1C-8C7AA396D9C7}.Release|Any CPU.ActiveCfg = Release|Any CPU
		{D627627A-D9E3-4C9C-BA1C-8C7AA396D9C7}.Release|Any CPU.Build.0 = Release|Any CPU
		{A2EA3A3C-0013-4EFB-9AD3-C1801244AC45}.Debug|Any CPU.ActiveCfg = Debug|Any CPU
		{A2EA3A3C-0013-4EFB-9AD3-C1801244AC45}.Debug|Any CPU.Build.0 = Debug|Any CPU
		{A2EA3A3C-0013-4EFB-9AD3-C1801244AC45}.Release|Any CPU.ActiveCfg = Release|Any CPU
		{A2EA3A3C-0013-4EFB-9AD3-C1801244AC45}.Release|Any CPU.Build.0 = Release|Any CPU
	EndGlobalSection
	GlobalSection(SolutionProperties) = preSolution
		HideSolutionNode = FALSE
	EndGlobalSection
	GlobalSection(ExtensibilityGlobals) = postSolution
		SolutionGuid = {8FE300AB-3DAD-4177-855D-49F63059433C}
	EndGlobalSection
EndGlobal
